
Microsoft Visual Studio Solution File, Format Version 12.00
# Visual Studio Version 17
VisualStudioVersion = 17.3.32922.545
MinimumVisualStudioVersion = 10.0.40219.1
Project("{8BC9CEB8-8B4A-11D0-8D11-00A0C91BC942}") = "Saper", "Saper\Saper.vcxproj", "{A91B4FCA-E2B5-4638-B254-510583F604D2}"
EndProject
Global
	GlobalSection(SolutionConfigurationPlatforms) = preSolution
		Debug|x64 = Debug|x64
		Release|x64 = Release|x64
	EndGlobalSection
	GlobalSection(ProjectConfigurationPlatforms) = postSolution
		{A91B4FCA-E2B5-4638-B254-510583F604D2}.Debug|x64.ActiveCfg = Debug|x64
		{A91B4FCA-E2B5-4638-B254-510583F604D2}.Debug|x64.Build.0 = Debug|x64
		{A91B4FCA-E2B5-4638-B254-510583F604D2}.Release|x64.ActiveCfg = Release|x64
		{A91B4FCA-E2B5-4638-B254-510583F604D2}.Release|x64.Build.0 = Release|x64
	EndGlobalSection
	GlobalSection(SolutionProperties) = preSolution
		HideSolutionNode = FALSE
	EndGlobalSection
	GlobalSection(ExtensibilityGlobals) = postSolution
		SolutionGuid = {2A8B4A71-4922-41BC-92DC-6DE9D13D1B3F}
	EndGlobalSection
EndGlobal
